github.com/40a/go-powershell v0.0.0-20170206184816-8a975e1f46d2 h1:9LnA0Z25ZTpefsrnrn68HcJmYwYHeE1PLluCHjtimCY=
github.com/40a/go-powershell v0.0.0-20170206184816-8a975e1f46d2/go.mod h1:tTEeIDGdOajdi66pRHWKAPyS8AAPv85NdSrWcZpHkVY=
github.com/juju/errors v0.0.0-20210818161939-5560c4c073ff h1:WLHwK6yMswDvGUNrkxp4GYnrbQS8WULu1D3qteVdUIg=
github.com/juju/errors v0.0.0-20210818161939-5560c4c073ff/go.mod h1:i1eL7XREII6aHpQ2gApI/v6FkVUDEBremNkcBCKYAcY=
github.com/juju/loggo v0.0.0-20170605014607-8232ab8918d9/go.mod h1:vgyd7OREkbtVEN/8IXZe5Ooef3LQePvuBm9UWj6ZL8U=
github.com/juju/testing v0.0.0-20180517134105-72703b1e95eb/go.mod h1:63prj8cnj0tU0S9OHjGJn+b1h0ZghCndfnbQolrYTwA=
golang.org/x/sys v0.0.0-20210921065528-437939a70204 h1:JJhkWtBuTQKyz2bd5WG9H8iUsJRU3En/KRfN8B2RnDs=
golang.org/x/sys v0.0.0-20210921065528-437939a70204/go.mod h1:oPkhp1MJrh7nUepCBck5+mAzfO9JrbApNNgaTdGDITg=
gopkg.in/check.v1 v1.0.0-20160105164936-4f90aeace3a2/go.mod h1:Co6ibVJAznAaIkqp8huTwlJQCZ016jof/cbN4VW5Yz0=
gopkg.in/mgo.v2 v2.0.0-20160818015218-f2b6f6c918c4/go.mod h1:yeKp02qBN3iKW1OzL3MGk2IdtZzaj7SFntXj72NppTA=
gopkg.in/yaml.v2 v2.0.0-20170712054546-1be3d31502d6/go.mod h1:JAlM8MvJe8wmxCU4Bli9HhUf9+ttbYbLASfIpnQbh74=
